
Microsoft Visual Studio Solution File, Format Version 12.00
# Visual Studio Version 16
VisualStudioVersion = 16.0.29806.167
MinimumVisualStudioVersion = 10.0.40219.1
Project("{FAE04EC0-301F-11D3-BF4B-00C04F79EFBC}") = "1-Api", "1-Api\1-Api.csproj", "{768FEF66-1EE3-4511-B00F-2283B1543950}"
EndProject
Project("{FAE04EC0-301F-11D3-BF4B-00C04F79EFBC}") = "2-Service", "2-Service\2-Service.csproj", "{641FBAFC-146B-4154-93EE-EBED504C59FF}"
EndProject
Project("{FAE04EC0-301F-11D3-BF4B-00C04F79EFBC}") = "3-Domain", "3-Domain\3-Domain.csproj", "{2EF9E12D-E404-48C3-B6CF-5A0A5716E12F}"
EndProject
Project("{FAE04EC0-301F-11D3-BF4B-00C04F79EFBC}") = "4-Infra", "4-Infra\4-Infra.csproj", "{0AE85056-B30F-4432-92F4-ACE32E8ADB02}"
EndProject
Global
	GlobalSection(SolutionConfigurationPlatforms) = preSolution
		Debug|Any CPU = Debug|Any CPU
		Release|Any CPU = Release|Any CPU
	EndGlobalSection
	GlobalSection(ProjectConfigurationPlatforms) = postSolution
		{768FEF66-1EE3-4511-B00F-2283B1543950}.Debug|Any CPU.ActiveCfg = Debug|Any CPU
		{768FEF66-1EE3-4511-B00F-2283B1543950}.Debug|Any CPU.Build.0 = Debug|Any CPU
		{768FEF66-1EE3-4511-B00F-2283B1543950}.Release|Any CPU.ActiveCfg = Release|Any CPU
		{768FEF66-1EE3-4511-B00F-2283B1543950}.Release|Any CPU.Build.0 = Release|Any CPU
		{641FBAFC-146B-4154-93EE-EBED504C59FF}.Debug|Any CPU.ActiveCfg = Debug|Any CPU
		{641FBAFC-146B-4154-93EE-EBED504C59FF}.Debug|Any CPU.Build.0 = Debug|Any CPU
		{641FBAFC-146B-4154-93EE-EBED504C59FF}.Release|Any CPU.ActiveCfg = Release|Any CPU
		{641FBAFC-146B-4154-93EE-EBED504C59FF}.Release|Any CPU.Build.0 = Release|Any CPU
		{2EF9E12D-E404-48C3-B6CF-5A0A5716E12F}.Debug|Any CPU.ActiveCfg = Debug|Any CPU
		{2EF9E12D-E404-48C3-B6CF-5A0A5716E12F}.Debug|Any CPU.Build.0 = Debug|Any CPU
		{2EF9E12D-E404-48C3-B6CF-5A0A5716E12F}.Release|Any CPU.ActiveCfg = Release|Any CPU
		{2EF9E12D-E404-48C3-B6CF-5A0A5716E12F}.Release|Any CPU.Build.0 = Release|Any CPU
		{0AE85056-B30F-4432-92F4-ACE32E8ADB02}.Debug|Any CPU.ActiveCfg = Debug|Any CPU
		{0AE85056-B30F-4432-92F4-ACE32E8ADB02}.Debug|Any CPU.Build.0 = Debug|Any CPU
		{0AE85056-B30F-4432-92F4-ACE32E8ADB02}.Release|Any CPU.ActiveCfg = Release|Any CPU
		{0AE85056-B30F-4432-92F4-ACE32E8ADB02}.Release|Any CPU.Build.0 = Release|Any CPU
	EndGlobalSection
	GlobalSection(SolutionProperties) = preSolution
		HideSolutionNode = FALSE
	EndGlobalSection
	GlobalSection(ExtensibilityGlobals) = postSolution
		SolutionGuid = {FB7FD30B-5E47-42ED-8762-F9370B9E614E}
	EndGlobalSection
EndGlobal
